
Microsoft Visual Studio Solution File, Format Version 12.00
# Visual Studio Version 16
VisualStudioVersion = 16.0.30002.166
MinimumVisualStudioVersion = 10.0.40219.1
Project("{8BC9CEB8-8B4A-11D0-8D11-00A0C91BC942}") = "ConsoleApplication1", "ConsoleApplication1\ConsoleApplication1.vcxproj", "{3B0AD66A-B3C5-4615-91F9-D4C4D3928F6D}"
EndProject
Global
	GlobalSection(SolutionConfigurationPlatforms) = preSolution
		Debug|x64 = Debug|x64
		Debug|x86 = Debug|x86
		Release|x64 = Release|x64
		Release|x86 = Release|x86
	EndGlobalSection
	GlobalSection(ProjectConfigurationPlatforms) = postSolution
		{3B0AD66A-B3C5-4615-91F9-D4C4D3928F6D}.Debug|x64.ActiveCfg = Debug|x64
		{3B0AD66A-B3C5-4615-91F9-D4C4D3928F6D}.Debug|x64.Build.0 = Debug|x64
		{3B0AD66A-B3C5-4615-91F9-D4C4D3928F6D}.Debug|x86.ActiveCfg = Debug|Win32
		{3B0AD66A-B3C5-4615-91F9-D4C4D3928F6D}.Debug|x86.Build.0 = Debug|Win32
		{3B0AD66A-B3C5-4615-91F9-D4C4D3928F6D}.Release|x64.ActiveCfg = Release|x64
		{3B0AD66A-B3C5-4615-91F9-D4C4D3928F6D}.Release|x64.Build.0 = Release|x64
		{3B0AD66A-B3C5-4615-91F9-D4C4D3928F6D}.Release|x86.ActiveCfg = Release|Win32
		{3B0AD66A-B3C5-4615-91F9-D4C4D3928F6D}.Release|x86.Build.0 = Release|Win32
	EndGlobalSection
	GlobalSection(SolutionProperties) = preSolution
		HideSolutionNode = FALSE
	EndGlobalSection
	GlobalSection(ExtensibilityGlobals) = postSolution
		SolutionGuid = {4275C465-5FFC-4508-8B5E-4B47BE352CDA}
	EndGlobalSection
EndGlobal
